
Microsoft Visual Studio Solution File, Format Version 12.00
# Visual Studio Version 16
VisualStudioVersion = 16.0.29020.237
MinimumVisualStudioVersion = 10.0.40219.1
Project("{9A19103F-16F7-4668-BE54-9A1E7A4F7556}") = "TakePromoCodes", "TakePromoCodes.csproj", "{E1486F85-6877-4ACB-9C0B-E204F18E5760}"
EndProject
Project("{FAE04EC0-301F-11D3-BF4B-00C04F79EFBC}") = "TakePromoCodesTests", "..\TakePromoCodesTests\TakePromoCodesTests.csproj", "{FE573A92-245B-41DD-AC57-EC15A78DDACC}"
EndProject
Global
	GlobalSection(SolutionConfigurationPlatforms) = preSolution
		Debug|Any CPU = Debug|Any CPU
		Release|Any CPU = Release|Any CPU
	EndGlobalSection
	GlobalSection(ProjectConfigurationPlatforms) = postSolution
		{E1486F85-6877-4ACB-9C0B-E204F18E5760}.Debug|Any CPU.ActiveCfg = Debug|Any CPU
		{E1486F85-6877-4ACB-9C0B-E204F18E5760}.Debug|Any CPU.Build.0 = Debug|Any CPU
		{E1486F85-6877-4ACB-9C0B-E204F18E5760}.Release|Any CPU.ActiveCfg = Release|Any CPU
		{E1486F85-6877-4ACB-9C0B-E204F18E5760}.Release|Any CPU.Build.0 = Release|Any CPU
		{FE573A92-245B-41DD-AC57-EC15A78DDACC}.Debug|Any CPU.ActiveCfg = Debug|Any CPU
		{FE573A92-245B-41DD-AC57-EC15A78DDACC}.Debug|Any CPU.Build.0 = Debug|Any CPU
		{FE573A92-245B-41DD-AC57-EC15A78DDACC}.Release|Any CPU.ActiveCfg = Release|Any CPU
		{FE573A92-245B-41DD-AC57-EC15A78DDACC}.Release|Any CPU.Build.0 = Release|Any CPU
	EndGlobalSection
	GlobalSection(SolutionProperties) = preSolution
		HideSolutionNode = FALSE
	EndGlobalSection
	GlobalSection(ExtensibilityGlobals) = postSolution
		SolutionGuid = {2768B8A9-7AB4-40AA-ADEC-E39F9688B8C9}
	EndGlobalSection
EndGlobal
